PODS:
  - Alamofire (5.4.3)
  - Kingfisher (6.3.0)
  - Moya (14.0.0):
    - Moya/Core (= 14.0.0)
  - Moya/Core (14.0.0):
    - Alamofire (~> 5.0)
  - PromiseKit (6.15.1):
    - PromiseKit/CorePromise (= 6.15.1)
    - PromiseKit/Foundation (= 6.15.1)
    - PromiseKit/UIKit (= 6.15.1)
  - PromiseKit/CorePromise (6.15.1)
  - PromiseKit/Foundation (6.15.1):
    - PromiseKit/CorePromise
  - PromiseKit/UIKit (6.15.1):
    - PromiseKit/CorePromise

DEPENDENCIES:
  - Kingfisher
  - Moya
  - PromiseKit

SPEC REPOS:
  trunk:
    - Alamofire
    - Kingfisher
    - Moya
    - PromiseKit

SPEC CHECKSUMS:
  Alamofire: e447a2774a40c996748296fa2c55112fdbbc42f9
  Kingfisher: 6c3df386db71d82c0817a429d2c9421a77396529
  Moya: 5b45dacb75adb009f97fde91c204c1e565d31916
  PromiseKit: b3b83a4629257b581c604e55e50399501b34ce0f

PODFILE CHECKSUM: 858cfa679315c53ebbe3ba904187ae353b67d3b0

COCOAPODS: 1.10.1
